
Microsoft Visual Studio Solution File, Format Version 12.00
# Visual Studio Version 17
VisualStudioVersion = 17.5.33627.172
MinimumVisualStudioVersion = 10.0.40219.1
Project("{FAE04EC0-301F-11D3-BF4B-00C04F79EFBC}") = "ChatManager", "ChatManager\ChatManager.csproj", "{881A697A-B012-42AF-9073-918FBD2EB827}"
EndProject
Global
	GlobalSection(SolutionConfigurationPlatforms) = preSolution
		Debug|Any CPU = Debug|Any CPU
		Debug|x64 = Debug|x64
		Release|Any CPU = Release|Any CPU
		Release|x64 = Release|x64
	EndGlobalSection
	GlobalSection(ProjectConfigurationPlatforms) = postSolution
		{881A697A-B012-42AF-9073-918FBD2EB827}.Debug|Any CPU.ActiveCfg = Debug|Any CPU
		{881A697A-B012-42AF-9073-918FBD2EB827}.Debug|Any CPU.Build.0 = Debug|Any CPU
		{881A697A-B012-42AF-9073-918FBD2EB827}.Debug|x64.ActiveCfg = Debug|x64
		{881A697A-B012-42AF-9073-918FBD2EB827}.Debug|x64.Build.0 = Debug|x64
		{881A697A-B012-42AF-9073-918FBD2EB827}.Release|Any CPU.ActiveCfg = Release|Any CPU
		{881A697A-B012-42AF-9073-918FBD2EB827}.Release|Any CPU.Build.0 = Release|Any CPU
		{881A697A-B012-42AF-9073-918FBD2EB827}.Release|x64.ActiveCfg = Release|x64
		{881A697A-B012-42AF-9073-918FBD2EB827}.Release|x64.Build.0 = Release|x64
	EndGlobalSection
	GlobalSection(SolutionProperties) = preSolution
		HideSolutionNode = FALSE
	EndGlobalSection
	GlobalSection(ExtensibilityGlobals) = postSolution
		SolutionGuid = {374C30C9-21A8-49AE-A690-1D5710B2AB4A}
	EndGlobalSection
EndGlobal
